
Microsoft Visual Studio Solution File, Format Version 12.00
# Visual Studio Version 16
VisualStudioVersion = 16.0.29418.71
MinimumVisualStudioVersion = 10.0.40219.1
Project("{FAE04EC0-301F-11D3-BF4B-00C04F79EFBC}") = "OOFinal", "OOFinal\OOFinal.csproj", "{A15FF3DE-2D94-4673-970A-F2DA91F51AA7}"
EndProject
Project("{FAE04EC0-301F-11D3-BF4B-00C04F79EFBC}") = "RoomPlayground", "RoomPlayground\RoomPlayground.csproj", "{489FB680-92E4-48C2-9BAA-2EAED50950C9}"
EndProject
Project("{FAE04EC0-301F-11D3-BF4B-00C04F79EFBC}") = "CharacterPlayground", "CharacterPlayground\CharacterPlayground.csproj", "{02C36E93-F6E2-409E-AA2B-ADEA1DBB29C8}"
EndProject
Global
	GlobalSection(SolutionConfigurationPlatforms) = preSolution
		Debug|Any CPU = Debug|Any CPU
		Release|Any CPU = Release|Any CPU
	EndGlobalSection
	GlobalSection(ProjectConfigurationPlatforms) = postSolution
		{A15FF3DE-2D94-4673-970A-F2DA91F51AA7}.Debug|Any CPU.ActiveCfg = Debug|Any CPU
		{A15FF3DE-2D94-4673-970A-F2DA91F51AA7}.Debug|Any CPU.Build.0 = Debug|Any CPU
		{A15FF3DE-2D94-4673-970A-F2DA91F51AA7}.Release|Any CPU.ActiveCfg = Release|Any CPU
		{A15FF3DE-2D94-4673-970A-F2DA91F51AA7}.Release|Any CPU.Build.0 = Release|Any CPU
		{489FB680-92E4-48C2-9BAA-2EAED50950C9}.Debug|Any CPU.ActiveCfg = Debug|Any CPU
		{489FB680-92E4-48C2-9BAA-2EAED50950C9}.Debug|Any CPU.Build.0 = Debug|Any CPU
		{489FB680-92E4-48C2-9BAA-2EAED50950C9}.Release|Any CPU.ActiveCfg = Release|Any CPU
		{489FB680-92E4-48C2-9BAA-2EAED50950C9}.Release|Any CPU.Build.0 = Release|Any CPU
		{02C36E93-F6E2-409E-AA2B-ADEA1DBB29C8}.Debug|Any CPU.ActiveCfg = Debug|Any CPU
		{02C36E93-F6E2-409E-AA2B-ADEA1DBB29C8}.Debug|Any CPU.Build.0 = Debug|Any CPU
		{02C36E93-F6E2-409E-AA2B-ADEA1DBB29C8}.Release|Any CPU.ActiveCfg = Release|Any CPU
		{02C36E93-F6E2-409E-AA2B-ADEA1DBB29C8}.Release|Any CPU.Build.0 = Release|Any CPU
	EndGlobalSection
	GlobalSection(SolutionProperties) = preSolution
		HideSolutionNode = FALSE
	EndGlobalSection
	GlobalSection(ExtensibilityGlobals) = postSolution
		SolutionGuid = {F5E07B92-6218-4A3B-B714-729F831191A0}
	EndGlobalSection
EndGlobal
